# THIS IS AN AUTOGENERATED FILE. DO NOT EDIT THIS FILE DIRECTLY.
# yarn lockfile v1


sanitize.js@^1.0.2:
  version "1.0.2"
  resolved "https://registry.yarnpkg.com/sanitize.js/-/sanitize.js-1.0.2.tgz#bf545e0066e2149627ae688e722d5cb202e91c57"
  integrity sha512-B9dilwkWx6S7Lze7IXfeqdGjYJFBA8H/DvLzOebc524iN5bbE98LdXA+5AMiOxE74a6B/K/taIsygn+mUdhcKg==
